
Microsoft Visual Studio Solution File, Format Version 12.00
# Visual Studio Version 16
VisualStudioVersion = 16.0.29102.190
MinimumVisualStudioVersion = 10.0.40219.1
Project("{FAE04EC0-301F-11D3-BF4B-00C04F79EFBC}") = "Rusty", "Rusty\Rusty.csproj", "{A37AE46B-2D70-4D51-B480-761983CECC64}"
EndProject
Global
	GlobalSection(SolutionConfigurationPlatforms) = preSolution
		Debug|Any CPU = Debug|Any CPU
		Release|Any CPU = Release|Any CPU
	EndGlobalSection
	GlobalSection(ProjectConfigurationPlatforms) = postSolution
		{A37AE46B-2D70-4D51-B480-761983CECC64}.Debug|Any CPU.ActiveCfg = Debug|Any CPU
		{A37AE46B-2D70-4D51-B480-761983CECC64}.Debug|Any CPU.Build.0 = Debug|Any CPU
		{A37AE46B-2D70-4D51-B480-761983CECC64}.Release|Any CPU.ActiveCfg = Release|Any CPU
		{A37AE46B-2D70-4D51-B480-761983CECC64}.Release|Any CPU.Build.0 = Release|Any CPU
	EndGlobalSection
	GlobalSection(SolutionProperties) = preSolution
		HideSolutionNode = FALSE
	EndGlobalSection
	GlobalSection(ExtensibilityGlobals) = postSolution
		SolutionGuid = {24E02118-8F93-409C-A200-15C65B5C3A7C}
	EndGlobalSection
EndGlobal
